
Microsoft Visual Studio Solution File, Format Version 12.00
# Visual Studio Version 17
VisualStudioVersion = 17.4.33213.308
MinimumVisualStudioVersion = 10.0.40219.1
Project("{FAE04EC0-301F-11D3-BF4B-00C04F79EFBC}") = "ManagementAPICalls", "ManagementAPICalls\ManagementAPICalls.csproj", "{FF29C36D-26B3-4C39-B4A4-67D647F814DC}"
EndProject
Global
	GlobalSection(SolutionConfigurationPlatforms) = preSolution
		Debug|Any CPU = Debug|Any CPU
		Release|Any CPU = Release|Any CPU
	EndGlobalSection
	GlobalSection(ProjectConfigurationPlatforms) = postSolution
		{FF29C36D-26B3-4C39-B4A4-67D647F814DC}.Debug|Any CPU.ActiveCfg = Debug|Any CPU
		{FF29C36D-26B3-4C39-B4A4-67D647F814DC}.Debug|Any CPU.Build.0 = Debug|Any CPU
		{FF29C36D-26B3-4C39-B4A4-67D647F814DC}.Release|Any CPU.ActiveCfg = Release|Any CPU
		{FF29C36D-26B3-4C39-B4A4-67D647F814DC}.Release|Any CPU.Build.0 = Release|Any CPU
	EndGlobalSection
	GlobalSection(SolutionProperties) = preSolution
		HideSolutionNode = FALSE
	EndGlobalSection
	GlobalSection(ExtensibilityGlobals) = postSolution
		SolutionGuid = {C97BB6DC-8BD5-48FB-9663-8A7ADA3352B0}
	EndGlobalSection
EndGlobal
